
Microsoft Visual Studio Solution File, Format Version 12.00
# Visual Studio Version 16
VisualStudioVersion = 16.0.30028.174
MinimumVisualStudioVersion = 10.0.40219.1
Project("{FAE04EC0-301F-11D3-BF4B-00C04F79EFBC}") = "WEB", "..\Web\WEB.csproj", "{DD3BCD12-3E92-43D0-B960-7848BB5477CB}"
EndProject
Project("{FAE04EC0-301F-11D3-BF4B-00C04F79EFBC}") = "DATA", "..\DATA\DATA.csproj", "{09DBBD0B-CAE9-4070-987E-F89C00C22A90}"
EndProject
Project("{FAE04EC0-301F-11D3-BF4B-00C04F79EFBC}") = "ENTITY", "..\ENTITY\ENTITY.csproj", "{17895CD6-18E2-47EA-A54B-074A2A4EDF26}"
EndProject
Project("{FAE04EC0-301F-11D3-BF4B-00C04F79EFBC}") = "BUSINESS", "..\BUSINESS\BUSINESS.csproj", "{74CB8419-B9F3-44E2-8AAE-39D283E974A7}"
EndProject
Global
	GlobalSection(SolutionConfigurationPlatforms) = preSolution
		Debug|Any CPU = Debug|Any CPU
		Release|Any CPU = Release|Any CPU
	EndGlobalSection
	GlobalSection(ProjectConfigurationPlatforms) = postSolution
		{DD3BCD12-3E92-43D0-B960-7848BB5477CB}.Debug|Any CPU.ActiveCfg = Debug|Any CPU
		{DD3BCD12-3E92-43D0-B960-7848BB5477CB}.Debug|Any CPU.Build.0 = Debug|Any CPU
		{DD3BCD12-3E92-43D0-B960-7848BB5477CB}.Release|Any CPU.ActiveCfg = Release|Any CPU
		{DD3BCD12-3E92-43D0-B960-7848BB5477CB}.Release|Any CPU.Build.0 = Release|Any CPU
		{09DBBD0B-CAE9-4070-987E-F89C00C22A90}.Debug|Any CPU.ActiveCfg = Debug|Any CPU
		{09DBBD0B-CAE9-4070-987E-F89C00C22A90}.Debug|Any CPU.Build.0 = Debug|Any CPU
		{09DBBD0B-CAE9-4070-987E-F89C00C22A90}.Release|Any CPU.ActiveCfg = Release|Any CPU
		{09DBBD0B-CAE9-4070-987E-F89C00C22A90}.Release|Any CPU.Build.0 = Release|Any CPU
		{17895CD6-18E2-47EA-A54B-074A2A4EDF26}.Debug|Any CPU.ActiveCfg = Debug|Any CPU
		{17895CD6-18E2-47EA-A54B-074A2A4EDF26}.Debug|Any CPU.Build.0 = Debug|Any CPU
		{17895CD6-18E2-47EA-A54B-074A2A4EDF26}.Release|Any CPU.ActiveCfg = Release|Any CPU
		{17895CD6-18E2-47EA-A54B-074A2A4EDF26}.Release|Any CPU.Build.0 = Release|Any CPU
		{74CB8419-B9F3-44E2-8AAE-39D283E974A7}.Debug|Any CPU.ActiveCfg = Debug|Any CPU
		{74CB8419-B9F3-44E2-8AAE-39D283E974A7}.Debug|Any CPU.Build.0 = Debug|Any CPU
		{74CB8419-B9F3-44E2-8AAE-39D283E974A7}.Release|Any CPU.ActiveCfg = Release|Any CPU
		{74CB8419-B9F3-44E2-8AAE-39D283E974A7}.Release|Any CPU.Build.0 = Release|Any CPU
	EndGlobalSection
	GlobalSection(SolutionProperties) = preSolution
		HideSolutionNode = FALSE
	EndGlobalSection
	GlobalSection(ExtensibilityGlobals) = postSolution
		SolutionGuid = {774A0909-1698-4DAA-B934-CB0C2673D1FF}
	EndGlobalSection
EndGlobal
